
Microsoft Visual Studio Solution File, Format Version 12.00
# Visual Studio Version 16
VisualStudioVersion = 16.0.28803.202
MinimumVisualStudioVersion = 10.0.40219.1
Project("{FAE04EC0-301F-11D3-BF4B-00C04F79EFBC}") = "NotificationImportService", "NotificationImportService\NotificationImportService.csproj", "{ABB88909-2FE8-4B0C-9601-0EF570B54495}"
EndProject
Global
	GlobalSection(SolutionConfigurationPlatforms) = preSolution
		Debug|Any CPU = Debug|Any CPU
		Release|Any CPU = Release|Any CPU
	EndGlobalSection
	GlobalSection(ProjectConfigurationPlatforms) = postSolution
		{ABB88909-2FE8-4B0C-9601-0EF570B54495}.Debug|Any CPU.ActiveCfg = Debug|Any CPU
		{ABB88909-2FE8-4B0C-9601-0EF570B54495}.Debug|Any CPU.Build.0 = Debug|Any CPU
		{ABB88909-2FE8-4B0C-9601-0EF570B54495}.Release|Any CPU.ActiveCfg = Release|Any CPU
		{ABB88909-2FE8-4B0C-9601-0EF570B54495}.Release|Any CPU.Build.0 = Release|Any CPU
	EndGlobalSection
	GlobalSection(SolutionProperties) = preSolution
		HideSolutionNode = FALSE
	EndGlobalSection
	GlobalSection(ExtensibilityGlobals) = postSolution
		SolutionGuid = {29D4B193-59E9-4A1F-86D5-7E57940D6D8F}
	EndGlobalSection
EndGlobal
